// !$*UTF8*$!
{
	archiveVersion = 1;
	classes = {
	};
	objectVersion = 56;
	objects = {

/* Begin PBXBuildFile section */
		044C52112A15B90A0028E305 /* FirstKeyPad.swift in Sources */ = {isa = PBXBuildFile; fileRef = 044C52102A15B90A0028E305 /* FirstKeyPad.swift */; };
		048865DD2A0C75E50084158C /* key.swift in Sources */ = {isa = PBXBuildFile; fileRef = 048865DC2A0C75E50084158C /* key.swift */; };
		048865E32A0DCBA50084158C /* TIP.swift in Sources */ = {isa = PBXBuildFile; fileRef = 048865E22A0DCBA50084158C /* TIP.swift */; };
		048865E52A0DDF950084158C /* SuperImage.swift in Sources */ = {isa = PBXBuildFile; fileRef = 048865E42A0DDF950084158C /* SuperImage.swift */; };
		048865E72A0DE66F0084158C /* Stories.swift in Sources */ = {isa = PBXBuildFile; fileRef = 048865E62A0DE66F0084158C /* Stories.swift */; };
		33FE827A2A0B29F20030B35A /* GitPraticeApp.swift in Sources */ = {isa = PBXBuildFile; fileRef = 33FE82792A0B29F20030B35A /* GitPraticeApp.swift */; };
		33FE827C2A0B29F20030B35A /* ContentView.swift in Sources */ = {isa = PBXBuildFile; fileRef = 33FE827B2A0B29F20030B35A /* ContentView.swift */; };
		33FE827E2A0B29F40030B35A /* Assets.xcassets in Resources */ = {isa = PBXBuildFile; fileRef = 33FE827D2A0B29F40030B35A /* Assets.xcassets */; };
		33FE82812A0B29F40030B35A /* Preview Assets.xcassets in Resources */ = {isa = PBXBuildFile; fileRef = 33FE82802A0B29F40030B35A /* Preview Assets.xcassets */; };
/* End PBXBuildFile section */

/* Begin PBXFileReference section */
		044C52102A15B90A0028E305 /* FirstKeyPad.swift */ = {isa = PBXFileReference; lastKnownFileType = sourcecode.swift; path = FirstKeyPad.swift; sourceTree = "<group>"; };
		048865DC2A0C75E50084158C /* key.swift */ = {isa = PBXFileReference; lastKnownFileType = sourcecode.swift; path = key.swift; sourceTree = "<group>"; };
		048865E22A0DCBA50084158C /* TIP.swift */ = {isa = PBXFileReference; lastKnownFileType = sourcecode.swift; path = TIP.swift; sourceTree = "<group>"; };
		048865E42A0DDF950084158C /* SuperImage.swift */ = {isa = PBXFileReference; lastKnownFileType = sourcecode.swift; path = SuperImage.swift; sourceTree = "<group>"; };
		048865E62A0DE66F0084158C /* Stories.swift */ = {isa = PBXFileReference; lastKnownFileType = sourcecode.swift; path = Stories.swift; sourceTree = "<group>"; };
		33FE82762A0B29F20030B35A /* GitPratice.app */ = {isa = PBXFileReference; explicitFileType = wrapper.application; includeInIndex = 0; path = GitPratice.app; sourceTree = BUILT_PRODUCTS_DIR; };
		33FE82792A0B29F20030B35A /* GitPraticeApp.swift */ = {isa = PBXFileReference; lastKnownFileType = sourcecode.swift; path = GitPraticeApp.swift; sourceTree = "<group>"; };
		33FE827B2A0B29F20030B35A /* ContentView.swift */ = {isa = PBXFileReference; lastKnownFileType = sourcecode.swift; path = ContentView.swift; sourceTree = "<group>"; };
		33FE827D2A0B29F40030B35A /* Assets.xcassets */ = {isa = PBXFileReference; lastKnownFileType = folder.assetcatalog; path = Assets.xcassets; sourceTree = "<group>"; };
		33FE82802A0B29F40030B35A /* Preview Assets.xcassets */ = {isa = PBXFileReference; lastKnownFileType = folder.assetcatalog; path = "Preview Assets.xcassets"; sourceTree = "<group>"; };
/* End PBXFileReference section */

/* Begin PBXFrameworksBuildPhase section */
		33FE82732A0B29F20030B35A /* Frameworks */ = {
			isa = PBXFrameworksBuildPhase;
			buildActionMask = 2147483647;
			files = (
			);
			runOnlyForDeploymentPostprocessing = 0;
		};
/* End PBXFrameworksBuildPhase section */

/* Begin PBXGroup section */
		044C52122A15B9120028E305 /* KeyPad */ = {
			isa = PBXGroup;
			children = (
				044C52102A15B90A0028E305 /* FirstKeyPad.swift */,
			);
			path = KeyPad;
			sourceTree = "<group>";
		};
		044C52132A15B9270028E305 /* NumberData */ = {
			isa = PBXGroup;
			children = (
				33FE827B2A0B29F20030B35A /* ContentView.swift */,
				048865DC2A0C75E50084158C /* key.swift */,
				33FE82792A0B29F20030B35A /* GitPraticeApp.swift */,
			);
			path = NumberData;
			sourceTree = "<group>";
		};
		044C52142A15B94C0028E305 /* TIPAPP */ = {
			isa = PBXGroup;
			children = (
				048865E42A0DDF950084158C /* SuperImage.swift */,
				048865E22A0DCBA50084158C /* TIP.swift */,
				048865E62A0DE66F0084158C /* Stories.swift */,
			);
			path = TIPAPP;
			sourceTree = "<group>";
		};
		33FE826D2A0B29F20030B35A = {
			isa = PBXGroup;
			children = (
				33FE82782A0B29F20030B35A /* GitPratice */,
				33FE82772A0B29F20030B35A /* Products */,
			);
			sourceTree = "<group>";
		};
		33FE82772A0B29F20030B35A /* Products */ = {
			isa = PBXGroup;
			children = (
				33FE82762A0B29F20030B35A /* GitPratice.app */,
			);
			name = Products;
			sourceTree = "<group>";
		};
		33FE82782A0B29F20030B35A /* GitPratice */ = {
			isa = PBXGroup;
			children = (
				044C52132A15B9270028E305 /* NumberData */,
				044C52122A15B9120028E305 /* KeyPad */,
				044C52142A15B94C0028E305 /* TIPAPP */,
				33FE827D2A0B29F40030B35A /* Assets.xcassets */,
				33FE827F2A0B29F40030B35A /* Preview Content */,
			);
			path = GitPratice;
			sourceTree = "<group>";
		};
		33FE827F2A0B29F40030B35A /* Preview Content */ = {
			isa = PBXGroup;
			children = (
				33FE82802A0B29F40030B35A /* Preview Assets.xcassets */,
			);
			path = "Preview Content";
			sourceTree = "<group>";
		};
/* End PBXGroup section */

/* Begin PBXNativeTarget section */
		33FE82752A0B29F20030B35A /* GitPratice */ = {
			isa = PBXNativeTarget;
			buildConfigurationList = 33FE82842A0B29F40030B35A /* Build configuration list for PBXNativeTarget "GitPratice" */;
			buildPhases = (
				33FE82722A0B29F20030B35A /* Sources */,
				33FE82732A0B29F20030B35A /* Frameworks */,
				33FE82742A0B29F20030B35A /* Resources */,
			);
			buildRules = (
			);
			dependencies = (
			);
			name = GitPratice;
			productName = GitPratice;
			productReference = 33FE82762A0B29F20030B35A /* GitPratice.app */;
			productType = "com.apple.product-type.application";
		};
/* End PBXNativeTarget section */

/* Begin PBXProject section */
		33FE826E2A0B29F20030B35A /* Project object */ = {
			isa = PBXProject;
			attributes = {
				BuildIndependentTargetsInParallel = 1;
				LastSwiftUpdateCheck = 1410;
				LastUpgradeCheck = 1410;
				TargetAttributes = {
					33FE82752A0B29F20030B35A = {
						CreatedOnToolsVersion = 14.1;
					};
				};
			};
			buildConfigurationList = 33FE82712A0B29F20030B35A /* Build configuration list for PBXProject "GitPratice" */;
			compatibilityVersion = "Xcode 14.0";
			developmentRegion = en;
			hasScannedForEncodings = 0;
			knownRegions = (
				en,
				Base,
			);
			mainGroup = 33FE826D2A0B29F20030B35A;
			productRefGroup = 33FE82772A0B29F20030B35A /* Products */;
			projectDirPath = "";
			projectRoot = "";
			targets = (
				33FE82752A0B29F20030B35A /* GitPratice */,
			);
		};
/* End PBXProject section */

/* Begin PBXResourcesBuildPhase section */
		33FE82742A0B29F20030B35A /* Resources */ = {
			isa = PBXResourcesBuildPhase;
			buildActionMask = 2147483647;
			files = (
				33FE82812A0B29F40030B35A /* Preview Assets.xcassets in Resources */,
				33FE827E2A0B29F40030B35A /* Assets.xcassets in Resources */,
			);
			runOnlyForDeploymentPostprocessing = 0;
		};
/* End PBXResourcesBuildPhase section */

/* Begin PBXSourcesBuildPhase section */
		33FE82722A0B29F20030B35A /* Sources */ = {
			isa = PBXSourcesBuildPhase;
			buildActionMask = 2147483647;
			files = (
				044C52112A15B90A0028E305 /* FirstKeyPad.swift in Sources */,
				33FE827C2A0B29F20030B35A /* ContentView.swift in Sources */,
				048865E32A0DCBA50084158C /* TIP.swift in Sources */,
				048865E52A0DDF950084158C /* SuperImage.swift in Sources */,
				048865E72A0DE66F0084158C /* Stories.swift in Sources */,
				048865DD2A0C75E50084158C /* key.swift in Sources */,
				33FE827A2A0B29F20030B35A /* GitPraticeApp.swift in Sources */,
			);
			runOnlyForDeploymentPostprocessing = 0;
		};
/* End PBXSourcesBuildPhase section */

/* Begin XCBuildConfiguration section */
		33FE82822A0B29F40030B35A /* Debug */ = {
			isa = XCBuildConfiguration;
			buildSettings = {
				ALWAYS_SEARCH_USER_PATHS = NO;
				CLANG_ANALYZER_NONNULL = YES;
				CLANG_ANALYZER_NUMBER_OBJECT_CONVERSION = YES_AGGRESSIVE;
				CLANG_CXX_LANGUAGE_STANDARD = "gnu++20";
				CLANG_ENABLE_MODULES = YES;
				CLANG_ENABLE_OBJC_ARC = YES;
				CLANG_ENABLE_OBJC_WEAK = YES;
				CLANG_WARN_BLOCK_CAPTURE_AUTORELEASING = YES;
				CLANG_WARN_BOOL_CONVERSION = YES;
				CLANG_WARN_COMMA = YES;
				CLANG_WARN_CONSTANT_CONVERSION = YES;
				CLANG_WARN_DEPRECATED_OBJC_IMPLEMENTATIONS = YES;
				CLANG_WARN_DIRECT_OBJC_ISA_USAGE = YES_ERROR;
				CLANG_WARN_DOCUMENTATION_COMMENTS = YES;
				CLANG_WARN_EMPTY_BODY = YES;
				CLANG_WARN_ENUM_CONVERSION = YES;
				CLANG_WARN_INFINITE_RECURSION = YES;
				CLANG_WARN_INT_CONVERSION = YES;
				CLANG_WARN_NON_LITERAL_NULL_CONVERSION = YES;
				CLANG_WARN_OBJC_IMPLICIT_RETAIN_SELF = YES;
				CLANG_WARN_OBJC_LITERAL_CONVERSION = YES;
				CLANG_WARN_OBJC_ROOT_CLASS = YES_ERROR;
				CLANG_WARN_QUOTED_INCLUDE_IN_FRAMEWORK_HEADER = YES;
				CLANG_WARN_RANGE_LOOP_ANALYSIS = YES;
				CLANG_WARN_STRICT_PROTOTYPES = YES;
				CLANG_WARN_SUSPICIOUS_MOVE = YES;
				CLANG_WARN_UNGUARDED_AVAILABILITY = YES_AGGRESSIVE;
				CLANG_WARN_UNREACHABLE_CODE = YES;
				CLANG_WARN__DUPLICATE_METHOD_MATCH = YES;
				COPY_PHASE_STRIP = NO;
				DEBUG_INFORMATION_FORMAT = dwarf;
				ENABLE_STRICT_OBJC_MSGSEND = YES;
				ENABLE_TESTABILITY = YES;
				GCC_C_LANGUAGE_STANDARD = gnu11;
				GCC_DYNAMIC_NO_PIC = NO;
				GCC_NO_COMMON_BLOCKS = YES;
				GCC_OPTIMIZATION_LEVEL = 0;
				GCC_PREPROCESSOR_DEFINITIONS = (
					"DEBUG=1",
					"$(inherited)",
				);
				GCC_WARN_64_TO_32_BIT_CONVERSION = YES;
				GCC_WARN_ABOUT_RETURN_TYPE = YES_ERROR;
				GCC_WARN_UNDECLARED_SELECTOR = YES;
				GCC_WARN_UNINITIALIZED_AUTOS = YES_AGGRESSIVE;
				GCC_WARN_UNUSED_FUNCTION = YES;
				GCC_WARN_UNUSED_VARIABLE = YES;
				IPHONEOS_DEPLOYMENT_TARGET = 16.1;
				MTL_ENABLE_DEBUG_INFO = INCLUDE_SOURCE;
				MTL_FAST_MATH = YES;
				ONLY_ACTIVE_ARCH = YES;
				SDKROOT = iphoneos;
				SWIFT_ACTIVE_COMPILATION_CONDITIONS = DEBUG;
				SWIFT_OPTIMIZATION_LEVEL = "-Onone";
			};
			name = Debug;
		};
		33FE82832A0B29F40030B35A /* Release */ = {
			isa = XCBuildConfiguration;
			buildSettings = {
				ALWAYS_SEARCH_USER_PATHS = NO;
				CLANG_ANALYZER_NONNULL = YES;
				CLANG_ANALYZER_NUMBER_OBJECT_CONVERSION = YES_AGGRESSIVE;
				CLANG_CXX_LANGUAGE_STANDARD = "gnu++20";
				CLANG_ENABLE_MODULES = YES;
				CLANG_ENABLE_OBJC_ARC = YES;
				CLANG_ENABLE_OBJC_WEAK = YES;
				CLANG_WARN_BLOCK_CAPTURE_AUTORELEASING = YES;
				CLANG_WARN_BOOL_CONVERSION = YES;
				CLANG_WARN_COMMA = YES;
				CLANG_WARN_CONSTANT_CONVERSION = YES;
				CLANG_WARN_DEPRECATED_OBJC_IMPLEMENTATIONS = YES;
				CLANG_WARN_DIRECT_OBJC_ISA_USAGE = YES_ERROR;
				CLANG_WARN_DOCUMENTATION_COMMENTS = YES;
				CLANG_WARN_EMPTY_BODY = YES;
				CLANG_WARN_ENUM_CONVERSION = YES;
				CLANG_WARN_INFINITE_RECURSION = YES;
				CLANG_WARN_INT_CONVERSION = YES;
				CLANG_WARN_NON_LITERAL_NULL_CONVERSION = YES;
				CLANG_WARN_OBJC_IMPLICIT_RETAIN_SELF = YES;
				CLANG_WARN_OBJC_LITERAL_CONVERSION = YES;
				CLANG_WARN_OBJC_ROOT_CLASS = YES_ERROR;
				CLANG_WARN_QUOTED_INCLUDE_IN_FRAMEWORK_HEADER = YES;
				CLANG_WARN_RANGE_LOOP_ANALYSIS = YES;
				CLANG_WARN_STRICT_PROTOTYPES = YES;
				CLANG_WARN_SUSPICIOUS_MOVE = YES;
				CLANG_WARN_UNGUARDED_AVAILABILITY = YES_AGGRESSIVE;
				CLANG_WARN_UNREACHABLE_CODE = YES;
				CLANG_WARN__DUPLICATE_METHOD_MATCH = YES;
				COPY_PHASE_STRIP = NO;
				DEBUG_INFORMATION_FORMAT = "dwarf-with-dsym";
				ENABLE_NS_ASSERTIONS = NO;
				ENABLE_STRICT_OBJC_MSGSEND = YES;
				GCC_C_LANGUAGE_STANDARD = gnu11;
				GCC_NO_COMMON_BLOCKS = YES;
				GCC_WARN_64_TO_32_BIT_CONVERSION = YES;
				GCC_WARN_ABOUT_RETURN_TYPE = YES_ERROR;
				GCC_WARN_UNDECLARED_SELECTOR = YES;
				GCC_WARN_UNINITIALIZED_AUTOS = YES_AGGRESSIVE;
				GCC_WARN_UNUSED_FUNCTION = YES;
				GCC_WARN_UNUSED_VARIABLE = YES;
				IPHONEOS_DEPLOYMENT_TARGET = 16.1;
				MTL_ENABLE_DEBUG_INFO = NO;
				MTL_FAST_MATH = YES;
				SDKROOT = iphoneos;
				SWIFT_COMPILATION_MODE = wholemodule;
				SWIFT_OPTIMIZATION_LEVEL = "-O";
				VALIDATE_PRODUCT = YES;
			};
			name = Release;
		};
		33FE82852A0B29F40030B35A /* Debug */ = {
			isa = XCBuildConfiguration;
			buildSettings = {
				ASSETCATALOG_COMPILER_APPICON_NAME = AppIcon;
				ASSETCATALOG_COMPILER_GLOBAL_ACCENT_COLOR_NAME = AccentColor;
				CODE_SIGN_STYLE = Automatic;
				CURRENT_PROJECT_VERSION = 1;
				DEVELOPMENT_ASSET_PATHS = "\"GitPratice/Preview Content\"";
				DEVELOPMENT_TEAM = 97PH923V3Q;
				ENABLE_PREVIEWS = YES;
				GENERATE_INFOPLIST_FILE = YES;
				INFOPLIST_KEY_UIApplicationSceneManifest_Generation = YES;
				INFOPLIST_KEY_UIApplicationSupportsIndirectInputEvents = YES;
				INFOPLIST_KEY_UILaunchScreen_Generation = YES;
				INFOPLIST_KEY_UISupportedInterfaceOrientations_iPad = "UIInterfaceOrientationPortrait UIInterfaceOrientationPortraitUpsideDown UIInterfaceOrientationLandscapeLeft UIInterfaceOrientationLandscapeRight";
				INFOPLIST_KEY_UISupportedInterfaceOrientations_iPhone = "UIInterfaceOrientationPortrait UIInterfaceOrientationLandscapeLeft UIInterfaceOrientationLandscapeRight";
				LD_RUNPATH_SEARCH_PATHS = (
					"$(inherited)",
					"@executable_path/Frameworks",
				);
				MARKETING_VERSION = 1.0;
				PRODUCT_BUNDLE_IDENTIFIER = com.lens.GitPratice;
				PRODUCT_NAME = "$(TARGET_NAME)";
				SWIFT_EMIT_LOC_STRINGS = YES;
				SWIFT_VERSION = 5.0;
				TARGETED_DEVICE_FAMILY = "1,2";
			};
			name = Debug;
		};
		33FE82862A0B29F40030B35A /* Release */ = {
			isa = XCBuildConfiguration;
			buildSettings = {
				ASSETCATALOG_COMPILER_APPICON_NAME = AppIcon;
				ASSETCATALOG_COMPILER_GLOBAL_ACCENT_COLOR_NAME = AccentColor;
				CODE_SIGN_STYLE = Automatic;
				CURRENT_PROJECT_VERSION = 1;
				DEVELOPMENT_ASSET_PATHS = "\"GitPratice/Preview Content\"";
				DEVELOPMENT_TEAM = 97PH923V3Q;
				ENABLE_PREVIEWS = YES;
				GENERATE_INFOPLIST_FILE = YES;
				INFOPLIST_KEY_UIApplicationSceneManifest_Generation = YES;
				INFOPLIST_KEY_UIApplicationSupportsIndirectInputEvents = YES;
				INFOPLIST_KEY_UILaunchScreen_Generation = YES;
				INFOPLIST_KEY_UISupportedInterfaceOrientations_iPad = "UIInterfaceOrientationPortrait UIInterfaceOrientationPortraitUpsideDown UIInterfaceOrientationLandscapeLeft UIInterfaceOrientationLandscapeRight";
				INFOPLIST_KEY_UISupportedInterfaceOrientations_iPhone = "UIInterfaceOrientationPortrait UIInterfaceOrientationLandscapeLeft UIInterfaceOrientationLandscapeRight";
				LD_RUNPATH_SEARCH_PATHS = (
					"$(inherited)",
					"@executable_path/Frameworks",
				);
				MARKETING_VERSION = 1.0;
				PRODUCT_BUNDLE_IDENTIFIER = com.lens.GitPratice;
				PRODUCT_NAME = "$(TARGET_NAME)";
				SWIFT_EMIT_LOC_STRINGS = YES;
				SWIFT_VERSION = 5.0;
				TARGETED_DEVICE_FAMILY = "1,2";
			};
			name = Release;
		};
/* End XCBuildConfiguration section */

/* Begin XCConfigurationList section */
		33FE82712A0B29F20030B35A /* Build configuration list for PBXProject "GitPratice" */ = {
			isa = XCConfigurationList;
			buildConfigurations = (
				33FE82822A0B29F40030B35A /* Debug */,
				33FE82832A0B29F40030B35A /* Release */,
			);
			defaultConfigurationIsVisible = 0;
			defaultConfigurationName = Release;
		};
		33FE82842A0B29F40030B35A /* Build configuration list for PBXNativeTarget "GitPratice" */ = {
			isa = XCConfigurationList;
			buildConfigurations = (
				33FE82852A0B29F40030B35A /* Debug */,
				33FE82862A0B29F40030B35A /* Release */,
			);
			defaultConfigurationIsVisible = 0;
			defaultConfigurationName = Release;
		};
/* End XCConfigurationList section */
	};
	rootObject = 33FE826E2A0B29F20030B35A /* Project object */;
}
